
Microsoft Visual Studio Solution File, Format Version 12.00
# Visual Studio Version 17
VisualStudioVersion = 17.4.33110.190
MinimumVisualStudioVersion = 10.0.40219.1
Project("{FAE04EC0-301F-11D3-BF4B-00C04F79EFBC}") = "SomeBanditsAreNowFemale", "SomeBanditsAreNowFemale.csproj", "{2C4B55F0-A838-4068-8907-12FC974D8487}"
EndProject
Global
	GlobalSection(SolutionConfigurationPlatforms) = preSolution
		Debug|Any CPU = Debug|Any CPU
		Release|Any CPU = Release|Any CPU
	EndGlobalSection
	GlobalSection(ProjectConfigurationPlatforms) = postSolution
		{2C4B55F0-A838-4068-8907-12FC974D8487}.Debug|Any CPU.ActiveCfg = Debug|Any CPU
		{2C4B55F0-A838-4068-8907-12FC974D8487}.Debug|Any CPU.Build.0 = Debug|Any CPU
		{2C4B55F0-A838-4068-8907-12FC974D8487}.Release|Any CPU.ActiveCfg = Release|Any CPU
		{2C4B55F0-A838-4068-8907-12FC974D8487}.Release|Any CPU.Build.0 = Release|Any CPU
	EndGlobalSection
	GlobalSection(SolutionProperties) = preSolution
		HideSolutionNode = FALSE
	EndGlobalSection
	GlobalSection(ExtensibilityGlobals) = postSolution
		SolutionGuid = {EE307D2B-1565-4ABE-9C55-15B75B127740}
	EndGlobalSection
EndGlobal
